// !$*UTF8*$!
{
	archiveVersion = 1;
	classes = {
	};
	objectVersion = 46;
	objects = {

/* Begin PBXBuildFile section */
		38947BC71C372C5D00E28FAD /* AppDelegate.swift in Sources */ = {isa = PBXBuildFile; fileRef = 38947BC61C372C5D00E28FAD /* AppDelegate.swift */; };
		38947BC91C372C5D00E28FAD /* GameScene.sks in Resources */ = {isa = PBXBuildFile; fileRef = 38947BC81C372C5D00E28FAD /* GameScene.sks */; };
		38947BCB1C372C5D00E28FAD /* GameScene.swift in Sources */ = {isa = PBXBuildFile; fileRef = 38947BCA1C372C5D00E28FAD /* GameScene.swift */; };
		38947BCD1C372C5D00E28FAD /* GameViewController.swift in Sources */ = {isa = PBXBuildFile; fileRef = 38947BCC1C372C5D00E28FAD /* GameViewController.swift */; };
		38947BD01C372C5D00E28FAD /* Main.storyboard in Resources */ = {isa = PBXBuildFile; fileRef = 38947BCE1C372C5D00E28FAD /* Main.storyboard */; };
		38947BD21C372C5D00E28FAD /* Assets.xcassets in Resources */ = {isa = PBXBuildFile; fileRef = 38947BD11C372C5D00E28FAD /* Assets.xcassets */; };
		38947BD51C372C5D00E28FAD /* LaunchScreen.storyboard in Resources */ = {isa = PBXBuildFile; fileRef = 38947BD31C372C5D00E28FAD /* LaunchScreen.storyboard */; };
		38947BE01C372C5D00E28FAD /* GameTests.swift in Sources */ = {isa = PBXBuildFile; fileRef = 38947BDF1C372C5D00E28FAD /* GameTests.swift */; };
		38947BEB1C372C5D00E28FAD /* GameUITests.swift in Sources */ = {isa = PBXBuildFile; fileRef = 38947BEA1C372C5D00E28FAD /* GameUITests.swift */; };
/* End PBXBuildFile section */

/* Begin PBXContainerItemProxy section */
		38947BDC1C372C5D00E28FAD /* PBXContainerItemProxy */ = {
			isa = PBXContainerItemProxy;
			containerPortal = 38947BBB1C372C5D00E28FAD /* Project object */;
			proxyType = 1;
			remoteGlobalIDString = 38947BC21C372C5D00E28FAD;
			remoteInfo = Game;
		};
		38947BE71C372C5D00E28FAD /* PBXContainerItemProxy */ = {
			isa = PBXContainerItemProxy;
			containerPortal = 38947BBB1C372C5D00E28FAD /* Project object */;
			proxyType = 1;
			remoteGlobalIDString = 38947BC21C372C5D00E28FAD;
			remoteInfo = Game;
		};
/* End PBXContainerItemProxy section */

/* Begin PBXFileReference section */
		38947BC31C372C5D00E28FAD /* Game.app */ = {isa = PBXFileReference; explicitFileType = wrapper.application; includeInIndex = 0; path = Game.app; sourceTree = BUILT_PRODUCTS_DIR; };
		38947BC61C372C5D00E28FAD /* AppDelegate.swift */ = {isa = PBXFileReference; lastKnownFileType = sourcecode.swift; path = AppDelegate.swift; sourceTree = "<group>"; };
		38947BC81C372C5D00E28FAD /* GameScene.sks */ = {isa = PBXFileReference; lastKnownFileType = file.sks; path = GameScene.sks; sourceTree = "<group>"; };
		38947BCA1C372C5D00E28FAD /* GameScene.swift */ = {isa = PBXFileReference; lastKnownFileType = sourcecode.swift; path = GameScene.swift; sourceTree = "<group>"; };
		38947BCC1C372C5D00E28FAD /* GameViewController.swift */ = {isa = PBXFileReference; lastKnownFileType = sourcecode.swift; path = GameViewController.swift; sourceTree = "<group>"; };
		38947BCF1C372C5D00E28FAD /* Base */ = {isa = PBXFileReference; lastKnownFileType = file.storyboard; name = Base; path = Base.lproj/Main.storyboard; sourceTree = "<group>"; };
		38947BD11C372C5D00E28FAD /* Assets.xcassets */ = {isa = PBXFileReference; lastKnownFileType = folder.assetcatalog; path = Assets.xcassets; sourceTree = "<group>"; };
		38947BD41C372C5D00E28FAD /* Base */ = {isa = PBXFileReference; lastKnownFileType = file.storyboard; name = Base; path = Base.lproj/LaunchScreen.storyboard; sourceTree = "<group>"; };
		38947BD61C372C5D00E28FAD /* Info.plist */ = {isa = PBXFileReference; lastKnownFileType = text.plist.xml; path = Info.plist; sourceTree = "<group>"; };
		38947BDB1C372C5D00E28FAD /* GameTests.xctest */ = {isa = PBXFileReference; explicitFileType = wrapper.cfbundle; includeInIndex = 0; path = GameTests.xctest; sourceTree = BUILT_PRODUCTS_DIR; };
		38947BDF1C372C5D00E28FAD /* GameTests.swift */ = {isa = PBXFileReference; lastKnownFileType = sourcecode.swift; path = GameTests.swift; sourceTree = "<group>"; };
		38947BE11C372C5D00E28FAD /* Info.plist */ = {isa = PBXFileReference; lastKnownFileType = text.plist.xml; path = Info.plist; sourceTree = "<group>"; };
		38947BE61C372C5D00E28FAD /* GameUITests.xctest */ = {isa = PBXFileReference; explicitFileType = wrapper.cfbundle; includeInIndex = 0; path = GameUITests.xctest; sourceTree = BUILT_PRODUCTS_DIR; };
		38947BEA1C372C5D00E28FAD /* GameUITests.swift */ = {isa = PBXFileReference; lastKnownFileType = sourcecode.swift; path = GameUITests.swift; sourceTree = "<group>"; };
		38947BEC1C372C5D00E28FAD /* Info.plist */ = {isa = PBXFileReference; lastKnownFileType = text.plist.xml; path = Info.plist; sourceTree = "<group>"; };
/* End PBXFileReference section */

/* Begin PBXFrameworksBuildPhase section */
		38947BC01C372C5D00E28FAD /* Frameworks */ = {
			isa = PBXFrameworksBuildPhase;
			buildActionMask = 2147483647;
			files = (
			);
			runOnlyForDeploymentPostprocessing = 0;
		};
		38947BD81C372C5D00E28FAD /* Frameworks */ = {
			isa = PBXFrameworksBuildPhase;
			buildActionMask = 2147483647;
			files = (
			);
			runOnlyForDeploymentPostprocessing = 0;
		};
		38947BE31C372C5D00E28FAD /* Frameworks */ = {
			isa = PBXFrameworksBuildPhase;
			buildActionMask = 2147483647;
			files = (
			);
			runOnlyForDeploymentPostprocessing = 0;
		};
/* End PBXFrameworksBuildPhase section */

/* Begin PBXGroup section */
		38947BBA1C372C5D00E28FAD = {
			isa = PBXGroup;
			children = (
				38947BC51C372C5D00E28FAD /* Game */,
				38947BDE1C372C5D00E28FAD /* GameTests */,
				38947BE91C372C5D00E28FAD /* GameUITests */,
				38947BC41C372C5D00E28FAD /* Products */,
			);
			sourceTree = "<group>";
		};
		38947BC41C372C5D00E28FAD /* Products */ = {
			isa = PBXGroup;
			children = (
				38947BC31C372C5D00E28FAD /* Game.app */,
				38947BDB1C372C5D00E28FAD /* GameTests.xctest */,
				38947BE61C372C5D00E28FAD /* GameUITests.xctest */,
			);
			name = Products;
			sourceTree = "<group>";
		};
		38947BC51C372C5D00E28FAD /* Game */ = {
			isa = PBXGroup;
			children = (
				38947BC61C372C5D00E28FAD /* AppDelegate.swift */,
				38947BC81C372C5D00E28FAD /* GameScene.sks */,
				38947BCA1C372C5D00E28FAD /* GameScene.swift */,
				38947BCC1C372C5D00E28FAD /* GameViewController.swift */,
				38947BCE1C372C5D00E28FAD /* Main.storyboard */,
				38947BD11C372C5D00E28FAD /* Assets.xcassets */,
				38947BD31C372C5D00E28FAD /* LaunchScreen.storyboard */,
				38947BD61C372C5D00E28FAD /* Info.plist */,
			);
			path = Game;
			sourceTree = "<group>";
		};
		38947BDE1C372C5D00E28FAD /* GameTests */ = {
			isa = PBXGroup;
			children = (
				38947BDF1C372C5D00E28FAD /* GameTests.swift */,
				38947BE11C372C5D00E28FAD /* Info.plist */,
			);
			path = GameTests;
			sourceTree = "<group>";
		};
		38947BE91C372C5D00E28FAD /* GameUITests */ = {
			isa = PBXGroup;
			children = (
				38947BEA1C372C5D00E28FAD /* GameUITests.swift */,
				38947BEC1C372C5D00E28FAD /* Info.plist */,
			);
			path = GameUITests;
			sourceTree = "<group>";
		};
/* End PBXGroup section */

/* Begin PBXNativeTarget section */
		38947BC21C372C5D00E28FAD /* Game */ = {
			isa = PBXNativeTarget;
			buildConfigurationList = 38947BEF1C372C5D00E28FAD /* Build configuration list for PBXNativeTarget "Game" */;
			buildPhases = (
				38947BBF1C372C5D00E28FAD /* Sources */,
				38947BC01C372C5D00E28FAD /* Frameworks */,
				38947BC11C372C5D00E28FAD /* Resources */,
			);
			buildRules = (
			);
			dependencies = (
			);
			name = Game;
			productName = Game;
			productReference = 38947BC31C372C5D00E28FAD /* Game.app */;
			productType = "com.apple.product-type.application";
		};
		38947BDA1C372C5D00E28FAD /* GameTests */ = {
			isa = PBXNativeTarget;
			buildConfigurationList = 38947BF21C372C5D00E28FAD /* Build configuration list for PBXNativeTarget "GameTests" */;
			buildPhases = (
				38947BD71C372C5D00E28FAD /* Sources */,
				38947BD81C372C5D00E28FAD /* Frameworks */,
				38947BD91C372C5D00E28FAD /* Resources */,
			);
			buildRules = (
			);
			dependencies = (
				38947BDD1C372C5D00E28FAD /* PBXTargetDependency */,
			);
			name = GameTests;
			productName = GameTests;
			productReference = 38947BDB1C372C5D00E28FAD /* GameTests.xctest */;
			productType = "com.apple.product-type.bundle.unit-test";
		};
		38947BE51C372C5D00E28FAD /* GameUITests */ = {
			isa = PBXNativeTarget;
			buildConfigurationList = 38947BF51C372C5D00E28FAD /* Build configuration list for PBXNativeTarget "GameUITests" */;
			buildPhases = (
				38947BE21C372C5D00E28FAD /* Sources */,
				38947BE31C372C5D00E28FAD /* Frameworks */,
				38947BE41C372C5D00E28FAD /* Resources */,
			);
			buildRules = (
			);
			dependencies = (
				38947BE81C372C5D00E28FAD /* PBXTargetDependency */,
			);
			name = GameUITests;
			productName = GameUITests;
			productReference = 38947BE61C372C5D00E28FAD /* GameUITests.xctest */;
			productType = "com.apple.product-type.bundle.ui-testing";
		};
/* End PBXNativeTarget section */

/* Begin PBXProject section */
		38947BBB1C372C5D00E28FAD /* Project object */ = {
			isa = PBXProject;
			attributes = {
				LastSwiftUpdateCheck = 0720;
				LastUpgradeCheck = 0720;
				ORGANIZATIONNAME = "Akash Goswami";
				TargetAttributes = {
					38947BC21C372C5D00E28FAD = {
						CreatedOnToolsVersion = 7.2;
					};
					38947BDA1C372C5D00E28FAD = {
						CreatedOnToolsVersion = 7.2;
						TestTargetID = 38947BC21C372C5D00E28FAD;
					};
					38947BE51C372C5D00E28FAD = {
						CreatedOnToolsVersion = 7.2;
						TestTargetID = 38947BC21C372C5D00E28FAD;
					};
				};
			};
			buildConfigurationList = 38947BBE1C372C5D00E28FAD /* Build configuration list for PBXProject "Game" */;
			compatibilityVersion = "Xcode 3.2";
			developmentRegion = English;
			hasScannedForEncodings = 0;
			knownRegions = (
				en,
				Base,
			);
			mainGroup = 38947BBA1C372C5D00E28FAD;
			productRefGroup = 38947BC41C372C5D00E28FAD /* Products */;
			projectDirPath = "";
			projectRoot = "";
			targets = (
				38947BC21C372C5D00E28FAD /* Game */,
				38947BDA1C372C5D00E28FAD /* GameTests */,
				38947BE51C372C5D00E28FAD /* GameUITests */,
			);
		};
/* End PBXProject section */

/* Begin PBXResourcesBuildPhase section */
		38947BC11C372C5D00E28FAD /* Resources */ = {
			isa = PBXResourcesBuildPhase;
			buildActionMask = 2147483647;
			files = (
				38947BC91C372C5D00E28FAD /* GameScene.sks in Resources */,
				38947BD51C372C5D00E28FAD /* LaunchScreen.storyboard in Resources */,
				38947BD21C372C5D00E28FAD /* Assets.xcassets in Resources */,
				38947BD01C372C5D00E28FAD /* Main.storyboard in Resources */,
			);
			runOnlyForDeploymentPostprocessing = 0;
		};
		38947BD91C372C5D00E28FAD /* Resources */ = {
			isa = PBXResourcesBuildPhase;
			buildActionMask = 2147483647;
			files = (
			);
			runOnlyForDeploymentPostprocessing = 0;
		};
		38947BE41C372C5D00E28FAD /* Resources */ = {
			isa = PBXResourcesBuildPhase;
			buildActionMask = 2147483647;
			files = (
			);
			runOnlyForDeploymentPostprocessing = 0;
		};
/* End PBXResourcesBuildPhase section */

/* Begin PBXSourcesBuildPhase section */
		38947BBF1C372C5D00E28FAD /* Sources */ = {
			isa = PBXSourcesBuildPhase;
			buildActionMask = 2147483647;
			files = (
				38947BCB1C372C5D00E28FAD /* GameScene.swift in Sources */,
				38947BCD1C372C5D00E28FAD /* GameViewController.swift in Sources */,
				38947BC71C372C5D00E28FAD /* AppDelegate.swift in Sources */,
			);
			runOnlyForDeploymentPostprocessing = 0;
		};
		38947BD71C372C5D00E28FAD /* Sources */ = {
			isa = PBXSourcesBuildPhase;
			buildActionMask = 2147483647;
			files = (
				38947BE01C372C5D00E28FAD /* GameTests.swift in Sources */,
			);
			runOnlyForDeploymentPostprocessing = 0;
		};
		38947BE21C372C5D00E28FAD /* Sources */ = {
			isa = PBXSourcesBuildPhase;
			buildActionMask = 2147483647;
			files = (
				38947BEB1C372C5D00E28FAD /* GameUITests.swift in Sources */,
			);
			runOnlyForDeploymentPostprocessing = 0;
		};
/* End PBXSourcesBuildPhase section */

/* Begin PBXTargetDependency section */
		38947BDD1C372C5D00E28FAD /* PBXTargetDependency */ = {
			isa = PBXTargetDependency;
			target = 38947BC21C372C5D00E28FAD /* Game */;
			targetProxy = 38947BDC1C372C5D00E28FAD /* PBXContainerItemProxy */;
		};
		38947BE81C372C5D00E28FAD /* PBXTargetDependency */ = {
			isa = PBXTargetDependency;
			target = 38947BC21C372C5D00E28FAD /* Game */;
			targetProxy = 38947BE71C372C5D00E28FAD /* PBXContainerItemProxy */;
		};
/* End PBXTargetDependency section */

/* Begin PBXVariantGroup section */
		38947BCE1C372C5D00E28FAD /* Main.storyboard */ = {
			isa = PBXVariantGroup;
			children = (
				38947BCF1C372C5D00E28FAD /* Base */,
			);
			name = Main.storyboard;
			sourceTree = "<group>";
		};
		38947BD31C372C5D00E28FAD /* LaunchScreen.storyboard */ = {
			isa = PBXVariantGroup;
			children = (
				38947BD41C372C5D00E28FAD /* Base */,
			);
			name = LaunchScreen.storyboard;
			sourceTree = "<group>";
		};
/* End PBXVariantGroup section */

/* Begin XCBuildConfiguration section */
		38947BED1C372C5D00E28FAD /* Debug */ = {
			isa = XCBuildConfiguration;
			buildSettings = {
				ALWAYS_SEARCH_USER_PATHS = NO;
				CLANG_CXX_LANGUAGE_STANDARD = "gnu++0x";
				CLANG_CXX_LIBRARY = "libc++";
				CLANG_ENABLE_MODULES = YES;
				CLANG_ENABLE_OBJC_ARC = YES;
				CLANG_WARN_BOOL_CONVERSION = YES;
				CLANG_WARN_CONSTANT_CONVERSION = YES;
				CLANG_WARN_DIRECT_OBJC_ISA_USAGE = YES_ERROR;
				CLANG_WARN_EMPTY_BODY = YES;
				CLANG_WARN_ENUM_CONVERSION = YES;
				CLANG_WARN_INT_CONVERSION = YES;
				CLANG_WARN_OBJC_ROOT_CLASS = YES_ERROR;
				CLANG_WARN_UNREACHABLE_CODE = YES;
				CLANG_WARN__DUPLICATE_METHOD_MATCH = YES;
				"CODE_SIGN_IDENTITY[sdk=iphoneos*]" = "iPhone Developer";
				COPY_PHASE_STRIP = NO;
				DEBUG_INFORMATION_FORMAT = "dwarf-with-dsym";
				ENABLE_STRICT_OBJC_MSGSEND = YES;
				ENABLE_TESTABILITY = YES;
				GCC_C_LANGUAGE_STANDARD = gnu99;
				GCC_DYNAMIC_NO_PIC = NO;
				GCC_NO_COMMON_BLOCKS = YES;
				GCC_OPTIMIZATION_LEVEL = 0;
				GCC_PREPROCESSOR_DEFINITIONS = (
					"DEBUG=1",
					"$(inherited)",
				);
				GCC_WARN_64_TO_32_BIT_CONVERSION = YES;
				GCC_WARN_ABOUT_RETURN_TYPE = YES_ERROR;
				GCC_WARN_UNDECLARED_SELECTOR = YES;
				GCC_WARN_UNINITIALIZED_AUTOS = YES_AGGRESSIVE;
				GCC_WARN_UNUSED_FUNCTION = YES;
				GCC_WARN_UNUSED_VARIABLE = YES;
				IPHONEOS_DEPLOYMENT_TARGET = 9.2;
				MTL_ENABLE_DEBUG_INFO = YES;
				ONLY_ACTIVE_ARCH = YES;
				SDKROOT = iphoneos;
				SWIFT_OPTIMIZATION_LEVEL = "-Onone";
			};
			name = Debug;
		};
		38947BEE1C372C5D00E28FAD /* Release */ = {
			isa = XCBuildConfiguration;
			buildSettings = {
				ALWAYS_SEARCH_USER_PATHS = NO;
				CLANG_CXX_LANGUAGE_STANDARD = "gnu++0x";
				CLANG_CXX_LIBRARY = "libc++";
				CLANG_ENABLE_MODULES = YES;
				CLANG_ENABLE_OBJC_ARC = YES;
				CLANG_WARN_BOOL_CONVERSION = YES;
				CLANG_WARN_CONSTANT_CONVERSION = YES;
				CLANG_WARN_DIRECT_OBJC_ISA_USAGE = YES_ERROR;
				CLANG_WARN_EMPTY_BODY = YES;
				CLANG_WARN_ENUM_CONVERSION = YES;
				CLANG_WARN_INT_CONVERSION = YES;
				CLANG_WARN_OBJC_ROOT_CLASS = YES_ERROR;
				CLANG_WARN_UNREACHABLE_CODE = YES;
				CLANG_WARN__DUPLICATE_METHOD_MATCH = YES;
				"CODE_SIGN_IDENTITY[sdk=iphoneos*]" = "iPhone Developer";
				COPY_PHASE_STRIP = NO;
				DEBUG_INFORMATION_FORMAT = "dwarf-with-dsym";
				ENABLE_NS_ASSERTIONS = NO;
				ENABLE_STRICT_OBJC_MSGSEND = YES;
				GCC_C_LANGUAGE_STANDARD = gnu99;
				GCC_NO_COMMON_BLOCKS = YES;
				GCC_WARN_64_TO_32_BIT_CONVERSION = YES;
				GCC_WARN_ABOUT_RETURN_TYPE = YES_ERROR;
				GCC_WARN_UNDECLARED_SELECTOR = YES;
				GCC_WARN_UNINITIALIZED_AUTOS = YES_AGGRESSIVE;
				GCC_WARN_UNUSED_FUNCTION = YES;
				GCC_WARN_UNUSED_VARIABLE = YES;
				IPHONEOS_DEPLOYMENT_TARGET = 9.2;
				MTL_ENABLE_DEBUG_INFO = NO;
				SDKROOT = iphoneos;
				VALIDATE_PRODUCT = YES;
			};
			name = Release;
		};
		38947BF01C372C5D00E28FAD /* Debug */ = {
			isa = XCBuildConfiguration;
			buildSettings = {
				ASSETCATALOG_COMPILER_APPICON_NAME = AppIcon;
				INFOPLIST_FILE = Game/Info.plist;
				LD_RUNPATH_SEARCH_PATHS = "$(inherited) @executable_path/Frameworks";
				PRODUCT_BUNDLE_IDENTIFIER = com.Akash.Game;
				PRODUCT_NAME = "$(TARGET_NAME)";
			};
			name = Debug;
		};
		38947BF11C372C5D00E28FAD /* Release */ = {
			isa = XCBuildConfiguration;
			buildSettings = {
				ASSETCATALOG_COMPILER_APPICON_NAME = AppIcon;
				INFOPLIST_FILE = Game/Info.plist;
				LD_RUNPATH_SEARCH_PATHS = "$(inherited) @executable_path/Frameworks";
				PRODUCT_BUNDLE_IDENTIFIER = com.Akash.Game;
				PRODUCT_NAME = "$(TARGET_NAME)";
			};
			name = Release;
		};
		38947BF31C372C5D00E28FAD /* Debug */ = {
			isa = XCBuildConfiguration;
			buildSettings = {
				BUNDLE_LOADER = "$(TEST_HOST)";
				DEBUG_INFORMATION_FORMAT = dwarf;
				INFOPLIST_FILE = GameTests/Info.plist;
				LD_RUNPATH_SEARCH_PATHS = "$(inherited) @executable_path/Frameworks @loader_path/Frameworks";
				PRODUCT_BUNDLE_IDENTIFIER = com.Akash.GameTests;
				PRODUCT_NAME = "$(TARGET_NAME)";
				TEST_HOST = "$(BUILT_PRODUCTS_DIR)/Game.app/Game";
			};
			name = Debug;
		};
		38947BF41C372C5D00E28FAD /* Release */ = {
			isa = XCBuildConfiguration;
			buildSettings = {
				BUNDLE_LOADER = "$(TEST_HOST)";
				INFOPLIST_FILE = GameTests/Info.plist;
				LD_RUNPATH_SEARCH_PATHS = "$(inherited) @executable_path/Frameworks @loader_path/Frameworks";
				PRODUCT_BUNDLE_IDENTIFIER = com.Akash.GameTests;
				PRODUCT_NAME = "$(TARGET_NAME)";
				TEST_HOST = "$(BUILT_PRODUCTS_DIR)/Game.app/Game";
			};
			name = Release;
		};
		38947BF61C372C5D00E28FAD /* Debug */ = {
			isa = XCBuildConfiguration;
			buildSettings = {
				DEBUG_INFORMATION_FORMAT = dwarf;
				INFOPLIST_FILE = GameUITests/Info.plist;
				LD_RUNPATH_SEARCH_PATHS = "$(inherited) @executable_path/Frameworks @loader_path/Frameworks";
				PRODUCT_BUNDLE_IDENTIFIER = com.Akash.GameUITests;
				PRODUCT_NAME = "$(TARGET_NAME)";
				TEST_TARGET_NAME = Game;
				USES_XCTRUNNER = YES;
			};
			name = Debug;
		};
		38947BF71C372C5D00E28FAD /* Release */ = {
			isa = XCBuildConfiguration;
			buildSettings = {
				INFOPLIST_FILE = GameUITests/Info.plist;
				LD_RUNPATH_SEARCH_PATHS = "$(inherited) @executable_path/Frameworks @loader_path/Frameworks";
				PRODUCT_BUNDLE_IDENTIFIER = com.Akash.GameUITests;
				PRODUCT_NAME = "$(TARGET_NAME)";
				TEST_TARGET_NAME = Game;
				USES_XCTRUNNER = YES;
			};
			name = Release;
		};
/* End XCBuildConfiguration section */

/* Begin XCConfigurationList section */
		38947BBE1C372C5D00E28FAD /* Build configuration list for PBXProject "Game" */ = {
			isa = XCConfigurationList;
			buildConfigurations = (
				38947BED1C372C5D00E28FAD /* Debug */,
				38947BEE1C372C5D00E28FAD /* Release */,
			);
			defaultConfigurationIsVisible = 0;
			defaultConfigurationName = Release;
		};
		38947BEF1C372C5D00E28FAD /* Build configuration list for PBXNativeTarget "Game" */ = {
			isa = XCConfigurationList;
			buildConfigurations = (
				38947BF01C372C5D00E28FAD /* Debug */,
				38947BF11C372C5D00E28FAD /* Release */,
			);
			defaultConfigurationIsVisible = 0;
		};
		38947BF21C372C5D00E28FAD /* Build configuration list for PBXNativeTarget "GameTests" */ = {
			isa = XCConfigurationList;
			buildConfigurations = (
				38947BF31C372C5D00E28FAD /* Debug */,
				38947BF41C372C5D00E28FAD /* Release */,
			);
			defaultConfigurationIsVisible = 0;
		};
		38947BF51C372C5D00E28FAD /* Build configuration list for PBXNativeTarget "GameUITests" */ = {
			isa = XCConfigurationList;
			buildConfigurations = (
				38947BF61C372C5D00E28FAD /* Debug */,
				38947BF71C372C5D00E28FAD /* Release */,
			);
			defaultConfigurationIsVisible = 0;
		};
/* End XCConfigurationList section */
	};
	rootObject = 38947BBB1C372C5D00E28FAD /* Project object */;
}
